
Microsoft Visual Studio Solution File, Format Version 12.00
# Visual Studio Version 17
VisualStudioVersion = 17.1.32328.378
MinimumVisualStudioVersion = 10.0.40219.1
Project("{FAE04EC0-301F-11D3-BF4B-00C04F79EFBC}") = "CRS.Dal", "CRS.Dal\CRS.Dal.csproj", "{4DE1DBAF-3212-4532-9DB5-9EC73D280E25}"
EndProject
Project("{FAE04EC0-301F-11D3-BF4B-00C04F79EFBC}") = "CRS.Helper", "CRS.Helper\CRS.Helper.csproj", "{8D23F4EF-A92F-4013-BEB4-FECBA0252114}"
EndProject
Project("{FAE04EC0-301F-11D3-BF4B-00C04F79EFBC}") = "CRS.Importer", "CRS.Importer\CRS.Importer.csproj", "{1ED3EC09-8B46-4405-AAD5-1EE46B36D5CC}"
EndProject
Project("{FAE04EC0-301F-11D3-BF4B-00C04F79EFBC}") = "CRS.BusinessEntities", "CRS.BusinessEntities\CRS.BusinessEntities.csproj", "{DC38F53C-6CD8-4201-885E-864ABE976A8C}"
EndProject
Project("{FAE04EC0-301F-11D3-BF4B-00C04F79EFBC}") = "CRS.Web", "CRS.Web\CRS.Web.csproj", "{E7B73394-530C-42B7-8D29-614A3E685178}"
	ProjectSection(ProjectDependencies) = postProject
		{4DE1DBAF-3212-4532-9DB5-9EC73D280E25} = {4DE1DBAF-3212-4532-9DB5-9EC73D280E25}
	EndProjectSection
EndProject
Project("{FAE04EC0-301F-11D3-BF4B-00C04F79EFBC}") = "CRS.UnitTest", "CRS.UnitTest\CRS.UnitTest\CRS.UnitTest.csproj", "{C4246E1F-F1E6-4D6F-94B4-50C80C0B2ACF}"
EndProject
Project("{FAE04EC0-301F-11D3-BF4B-00C04F79EFBC}") = "Primesoft.Common.Web", "Primesoft.Common.Web\Primesoft.Common.Web.csproj", "{04435AC5-5426-4D98-8E11-4A654AD6B4D2}"
EndProject
Project("{FAE04EC0-301F-11D3-BF4B-00C04F79EFBC}") = "CRS.Bll", "CRS.Bll\CRS.Bll.csproj", "{BFF0773C-9570-41DA-B6EC-977248D53D56}"
EndProject
Global
	GlobalSection(SolutionConfigurationPlatforms) = preSolution
		Debug|Any CPU = Debug|Any CPU
		Release|Any CPU = Release|Any CPU
	EndGlobalSection
	GlobalSection(ProjectConfigurationPlatforms) = postSolution
		{4DE1DBAF-3212-4532-9DB5-9EC73D280E25}.Debug|Any CPU.ActiveCfg = Debug|Any CPU
		{4DE1DBAF-3212-4532-9DB5-9EC73D280E25}.Debug|Any CPU.Build.0 = Debug|Any CPU
		{4DE1DBAF-3212-4532-9DB5-9EC73D280E25}.Release|Any CPU.ActiveCfg = Release|Any CPU
		{4DE1DBAF-3212-4532-9DB5-9EC73D280E25}.Release|Any CPU.Build.0 = Release|Any CPU
		{8D23F4EF-A92F-4013-BEB4-FECBA0252114}.Debug|Any CPU.ActiveCfg = Debug|Any CPU
		{8D23F4EF-A92F-4013-BEB4-FECBA0252114}.Debug|Any CPU.Build.0 = Debug|Any CPU
		{8D23F4EF-A92F-4013-BEB4-FECBA0252114}.Release|Any CPU.ActiveCfg = Release|Any CPU
		{8D23F4EF-A92F-4013-BEB4-FECBA0252114}.Release|Any CPU.Build.0 = Release|Any CPU
		{1ED3EC09-8B46-4405-AAD5-1EE46B36D5CC}.Debug|Any CPU.ActiveCfg = Debug|Any CPU
		{1ED3EC09-8B46-4405-AAD5-1EE46B36D5CC}.Debug|Any CPU.Build.0 = Debug|Any CPU
		{1ED3EC09-8B46-4405-AAD5-1EE46B36D5CC}.Release|Any CPU.ActiveCfg = Release|Any CPU
		{1ED3EC09-8B46-4405-AAD5-1EE46B36D5CC}.Release|Any CPU.Build.0 = Release|Any CPU
		{DC38F53C-6CD8-4201-885E-864ABE976A8C}.Debug|Any CPU.ActiveCfg = Debug|Any CPU
		{DC38F53C-6CD8-4201-885E-864ABE976A8C}.Debug|Any CPU.Build.0 = Debug|Any CPU
		{DC38F53C-6CD8-4201-885E-864ABE976A8C}.Release|Any CPU.ActiveCfg = Release|Any CPU
		{DC38F53C-6CD8-4201-885E-864ABE976A8C}.Release|Any CPU.Build.0 = Release|Any CPU
		{E7B73394-530C-42B7-8D29-614A3E685178}.Debug|Any CPU.ActiveCfg = Debug|Any CPU
		{E7B73394-530C-42B7-8D29-614A3E685178}.Debug|Any CPU.Build.0 = Debug|Any CPU
		{E7B73394-530C-42B7-8D29-614A3E685178}.Release|Any CPU.ActiveCfg = Release|Any CPU
		{E7B73394-530C-42B7-8D29-614A3E685178}.Release|Any CPU.Build.0 = Release|Any CPU
		{C4246E1F-F1E6-4D6F-94B4-50C80C0B2ACF}.Debug|Any CPU.ActiveCfg = Debug|Any CPU
		{C4246E1F-F1E6-4D6F-94B4-50C80C0B2ACF}.Debug|Any CPU.Build.0 = Debug|Any CPU
		{C4246E1F-F1E6-4D6F-94B4-50C80C0B2ACF}.Release|Any CPU.ActiveCfg = Release|Any CPU
		{C4246E1F-F1E6-4D6F-94B4-50C80C0B2ACF}.Release|Any CPU.Build.0 = Release|Any CPU
		{04435AC5-5426-4D98-8E11-4A654AD6B4D2}.Debug|Any CPU.ActiveCfg = Debug|Any CPU
		{04435AC5-5426-4D98-8E11-4A654AD6B4D2}.Debug|Any CPU.Build.0 = Debug|Any CPU
		{04435AC5-5426-4D98-8E11-4A654AD6B4D2}.Release|Any CPU.ActiveCfg = Release|Any CPU
		{04435AC5-5426-4D98-8E11-4A654AD6B4D2}.Release|Any CPU.Build.0 = Release|Any CPU
		{BFF0773C-9570-41DA-B6EC-977248D53D56}.Debug|Any CPU.ActiveCfg = Debug|Any CPU
		{BFF0773C-9570-41DA-B6EC-977248D53D56}.Debug|Any CPU.Build.0 = Debug|Any CPU
		{BFF0773C-9570-41DA-B6EC-977248D53D56}.Release|Any CPU.ActiveCfg = Release|Any CPU
		{BFF0773C-9570-41DA-B6EC-977248D53D56}.Release|Any CPU.Build.0 = Release|Any CPU
	EndGlobalSection
	GlobalSection(SolutionProperties) = preSolution
		HideSolutionNode = FALSE
	EndGlobalSection
	GlobalSection(ExtensibilityGlobals) = postSolution
		SolutionGuid = {C9CC219A-9155-4136-99E6-65A98D04DA1D}
	EndGlobalSection
EndGlobal
